<?xml version="1.0" encoding="utf-8"?>
<Project ToolsVersion="4.0" xmlns="http://schemas.microsoft.com/developer/msbuild/2003">
  <ItemGroup>
    <Filter Include="Assets">
      <UniqueIdentifier>{a17d3b96-6843-4098-8a8e-3a290bafeeb5}</UniqueIdentifier>
      <Extensions>qml;js;qmljs;jpg;png;gif;bmp;ico;amd;wav;mp3;mp4</Extensions>
    </Filter>
    <Filter Include="Config Files">
      <UniqueIdentifier>{43765178-0a92-4175-bbb9-90144db5c7d7}</UniqueIdentifier>
      <Extensions>pri;pro;mk;properties;project;cproject;xml;xsd;bat;cmd;ps;ps1</Extensions>
    </Filter>
    <Filter Include="Source Files">
      <UniqueIdentifier>{fc0616f7-723f-401b-ac0b-af1e5d829234}</UniqueIdentifier>
      <Extensions>cpp;c;cc;cxx;asm;h;hpp;hxx;hm;def;inl;inc</Extensions>
    </Filter>
    <Filter Include="Translations">
      <UniqueIdentifier>{263b5436-e6db-4ba8-b29a-68a2d0df223b}</UniqueIdentifier>
      <Extensions>ts;qm</Extensions>
    </Filter>
    <Filter Include="QtLibs">
      <UniqueIdentifier>{56595ad0-0168-4aa1-9384-c863520b860a}</UniqueIdentifier>
    </Filter>
    <Filter Include="Source Files\moc">
      <UniqueIdentifier>{df0283a7-90e1-4cba-8c84-36ba9fea690a}</UniqueIdentifier>
    </Filter>
    <Filter Include="QtLibs\x86">
      <UniqueIdentifier>{52bafd46-eb58-4ae0-998e-7055429f2c96}</UniqueIdentifier>
    </Filter>
    <Filter Include="QtLibs\x86\platforms">
      <UniqueIdentifier>{d0ffc04d-222c-4eb0-bd6a-92085e0cdf21}</UniqueIdentifier>
    </Filter>
    <Filter Include="QtLibs\armle-v7">
      <UniqueIdentifier>{51f92549-28e1-465c-a7da-78a3237a05e3}</UniqueIdentifier>
    </Filter>
    <Filter Include="QtLibs\armle-v7\platforms">
      <UniqueIdentifier>{fc0e352b-39b8-475f-a36e-ada960a5c597}</UniqueIdentifier>
    </Filter>
  </ItemGroup>
  <ItemGroup>
    <None Include="bar-descriptor.xml">
      <Filter>Config Files</Filter>
    </None>
    <None Include="README.txt" />
    <None Include="QtLibs\x86\platforms\libblackberry.so">
      <Filter>QtLibs\x86\platforms</Filter>
    </None>
    <None Include="QtLibs\x86\libQtOpenGL.so">
      <Filter>QtLibs\x86</Filter>
    </None>
    <None Include="QtLibs\x86\libQtGui.so">
      <Filter>QtLibs\x86</Filter>
    </None>
    <None Include="QtLibs\x86\libQtCore.so">
      <Filter>QtLibs\x86</Filter>
    </None>
    <None Include="QtLibs\armle-v7\platforms\libblackberry.so">
      <Filter>QtLibs\armle-v7\platforms</Filter>
    </None>
    <None Include="QtLibs\armle-v7\libQtOpenGL.so">
      <Filter>QtLibs\armle-v7</Filter>
    </None>
    <None Include="packages.config" />
  </ItemGroup>
  <ItemGroup>
    <ClCompile Include="src\main.cpp">
      <Filter>Source Files</Filter>
    </ClCompile>
    <ClCompile Include="src\fileclipboard.cpp">
      <Filter>Source Files</Filter>
    </ClCompile>
    <ClCompile Include="src\jpegthumbnailfetcher.cpp">
      <Filter>Source Files</Filter>
    </ClCompile>
    <ClCompile Include="src\kfilebrowser.cpp">
      <Filter>Source Files</Filter>
    </ClCompile>
    <ClCompile Include="src\kfiledialogs.cpp">
      <Filter>Source Files</Filter>
    </ClCompile>
    <ClCompile Include="src\kfileinfo.cpp">
      <Filter>Source Files</Filter>
    </ClCompile>
    <ClCompile Include="src\kfilelist.cpp">
      <Filter>Source Files</Filter>
    </ClCompile>
    <ClCompile Include="src\kfilesettings.cpp">
      <Filter>Source Files</Filter>
    </ClCompile>
    <ClCompile Include="src\kfilesettingsdialog.cpp">
      <Filter>Source Files</Filter>
    </ClCompile>
    <ClCompile Include="src\kfilewidget.cpp">
      <Filter>Source Files</Filter>
    </ClCompile>
    <ClCompile Include="src\kineticscroller.cpp">
      <Filter>Source Files</Filter>
    </ClCompile>
    <ClCompile Include="src\ktexteditor.cpp">
      <Filter>Source Files</Filter>
    </ClCompile>
    <ClCompile Include="src\mainwindow.cpp">
      <Filter>Source Files</Filter>
    </ClCompile>
    <ClCompile Include="src\moc_kfilebrowser.cpp">
      <Filter>Source Files\moc</Filter>
    </ClCompile>
    <ClCompile Include="src\moc_kfilelist.cpp">
      <Filter>Source Files\moc</Filter>
    </ClCompile>
    <ClCompile Include="src\moc_kfilesettingsdialog.cpp">
      <Filter>Source Files\moc</Filter>
    </ClCompile>
    <ClCompile Include="src\moc_kfilestyle.cpp">
      <Filter>Source Files\moc</Filter>
    </ClCompile>
    <ClCompile Include="src\moc_kfilewidget.cpp">
      <Filter>Source Files\moc</Filter>
    </ClCompile>
    <ClCompile Include="src\moc_kineticscroller.cpp">
      <Filter>Source Files\moc</Filter>
    </ClCompile>
    <ClCompile Include="src\moc_ktexteditor.cpp">
      <Filter>Source Files\moc</Filter>
    </ClCompile>
    <ClCompile Include="src\moc_mainwindow.cpp">
      <Filter>Source Files\moc</Filter>
    </ClCompile>
  </ItemGroup>
  <ItemGroup>
    <ClInclude Include="src\fileclipboard.h">
      <Filter>Source Files</Filter>
    </ClInclude>
    <ClInclude Include="src\jpegthumbnailfetcher.h">
      <Filter>Source Files</Filter>
    </ClInclude>
    <ClInclude Include="src\kfilebrowser.h">
      <Filter>Source Files</Filter>
    </ClInclude>
    <ClInclude Include="src\kfiledialogs.h">
      <Filter>Source Files</Filter>
    </ClInclude>
    <ClInclude Include="src\kfileinfo.h">
      <Filter>Source Files</Filter>
    </ClInclude>
    <ClInclude Include="src\kfilelist.h">
      <Filter>Source Files</Filter>
    </ClInclude>
    <ClInclude Include="src\kfilesettings.h">
      <Filter>Source Files</Filter>
    </ClInclude>
    <ClInclude Include="src\kfilesettingsdialog.h">
      <Filter>Source Files</Filter>
    </ClInclude>
    <ClInclude Include="src\kfilestyle.h">
      <Filter>Source Files</Filter>
    </ClInclude>
    <ClInclude Include="src\kfilewidget.h">
      <Filter>Source Files</Filter>
    </ClInclude>
    <ClInclude Include="src\kineticscroller.h">
      <Filter>Source Files</Filter>
    </ClInclude>
    <ClInclude Include="src\ktexteditor.h">
      <Filter>Source Files</Filter>
    </ClInclude>
    <ClInclude Include="src\mainwindow.h">
      <Filter>Source Files</Filter>
    </ClInclude>
  </ItemGroup>
</Project>